// !$*UTF8*$!
{
	archiveVersion = 1;
	classes = {
	};
	objectVersion = 56;
	objects = {

/* Begin PBXBuildFile section */
		785D04DA2A8E6ED200E9AEA4 /* NetworkService.swift in Sources */ = {isa = PBXBuildFile; fileRef = 785D04D92A8E6ED200E9AEA4 /* NetworkService.swift */; };
		785D04DD2A8E6F1400E9AEA4 /* Constants.swift in Sources */ = {isa = PBXBuildFile; fileRef = 785D04DC2A8E6F1400E9AEA4 /* Constants.swift */; };
		785D04E02A8E6FF200E9AEA4 /* Characters.swift in Sources */ = {isa = PBXBuildFile; fileRef = 785D04DF2A8E6FF200E9AEA4 /* Characters.swift */; };
		785D04E22A8E708A00E9AEA4 /* ViewModel.swift in Sources */ = {isa = PBXBuildFile; fileRef = 785D04E12A8E708A00E9AEA4 /* ViewModel.swift */; };
		785D04E52A8E719900E9AEA4 /* Helpers.swift in Sources */ = {isa = PBXBuildFile; fileRef = 785D04E42A8E719900E9AEA4 /* Helpers.swift */; };
		786DC4192A8D4B0400F86CD1 /* AppDelegate.swift in Sources */ = {isa = PBXBuildFile; fileRef = 786DC4182A8D4B0400F86CD1 /* AppDelegate.swift */; };
		786DC41B2A8D4B0400F86CD1 /* SceneDelegate.swift in Sources */ = {isa = PBXBuildFile; fileRef = 786DC41A2A8D4B0400F86CD1 /* SceneDelegate.swift */; };
		786DC41D2A8D4B0400F86CD1 /* ViewController.swift in Sources */ = {isa = PBXBuildFile; fileRef = 786DC41C2A8D4B0400F86CD1 /* ViewController.swift */; };
		786DC4202A8D4B0400F86CD1 /* Main.storyboard in Resources */ = {isa = PBXBuildFile; fileRef = 786DC41E2A8D4B0400F86CD1 /* Main.storyboard */; };
		786DC4222A8D4B0500F86CD1 /* Assets.xcassets in Resources */ = {isa = PBXBuildFile; fileRef = 786DC4212A8D4B0500F86CD1 /* Assets.xcassets */; };
		786DC4252A8D4B0500F86CD1 /* LaunchScreen.storyboard in Resources */ = {isa = PBXBuildFile; fileRef = 786DC4232A8D4B0500F86CD1 /* LaunchScreen.storyboard */; };
		786DC42D2A8D4D7400F86CD1 /* CharactersCollectionViewCell.swift in Sources */ = {isa = PBXBuildFile; fileRef = 786DC42C2A8D4D7400F86CD1 /* CharactersCollectionViewCell.swift */; };
		786DC4352A8D4E5300F86CD1 /* Extensions+UiView.swift in Sources */ = {isa = PBXBuildFile; fileRef = 786DC4342A8D4E5300F86CD1 /* Extensions+UiView.swift */; };
		788CB2EC2A93555200FCD2AE /* DetailViewModel.swift in Sources */ = {isa = PBXBuildFile; fileRef = 788CB2EB2A93555200FCD2AE /* DetailViewModel.swift */; };
		788CB2EE2A93556F00FCD2AE /* DetailViewController.swift in Sources */ = {isa = PBXBuildFile; fileRef = 788CB2ED2A93556F00FCD2AE /* DetailViewController.swift */; };
/* End PBXBuildFile section */

/* Begin PBXFileReference section */
		785D04D92A8E6ED200E9AEA4 /* NetworkService.swift */ = {isa = PBXFileReference; lastKnownFileType = sourcecode.swift; path = NetworkService.swift; sourceTree = "<group>"; };
		785D04DC2A8E6F1400E9AEA4 /* Constants.swift */ = {isa = PBXFileReference; lastKnownFileType = sourcecode.swift; path = Constants.swift; sourceTree = "<group>"; };
		785D04DF2A8E6FF200E9AEA4 /* Characters.swift */ = {isa = PBXFileReference; lastKnownFileType = sourcecode.swift; path = Characters.swift; sourceTree = "<group>"; };
		785D04E12A8E708A00E9AEA4 /* ViewModel.swift */ = {isa = PBXFileReference; lastKnownFileType = sourcecode.swift; path = ViewModel.swift; sourceTree = "<group>"; };
		785D04E42A8E719900E9AEA4 /* Helpers.swift */ = {isa = PBXFileReference; lastKnownFileType = sourcecode.swift; path = Helpers.swift; sourceTree = "<group>"; };
		786DC4152A8D4B0400F86CD1 /* intern-2.app */ = {isa = PBXFileReference; explicitFileType = wrapper.application; includeInIndex = 0; path = "intern-2.app"; sourceTree = BUILT_PRODUCTS_DIR; };
		786DC4182A8D4B0400F86CD1 /* AppDelegate.swift */ = {isa = PBXFileReference; lastKnownFileType = sourcecode.swift; path = AppDelegate.swift; sourceTree = "<group>"; };
		786DC41A2A8D4B0400F86CD1 /* SceneDelegate.swift */ = {isa = PBXFileReference; lastKnownFileType = sourcecode.swift; path = SceneDelegate.swift; sourceTree = "<group>"; };
		786DC41C2A8D4B0400F86CD1 /* ViewController.swift */ = {isa = PBXFileReference; lastKnownFileType = sourcecode.swift; path = ViewController.swift; sourceTree = "<group>"; };
		786DC41F2A8D4B0400F86CD1 /* Base */ = {isa = PBXFileReference; lastKnownFileType = file.storyboard; name = Base; path = Base.lproj/Main.storyboard; sourceTree = "<group>"; };
		786DC4212A8D4B0500F86CD1 /* Assets.xcassets */ = {isa = PBXFileReference; lastKnownFileType = folder.assetcatalog; path = Assets.xcassets; sourceTree = "<group>"; };
		786DC4242A8D4B0500F86CD1 /* Base */ = {isa = PBXFileReference; lastKnownFileType = file.storyboard; name = Base; path = Base.lproj/LaunchScreen.storyboard; sourceTree = "<group>"; };
		786DC4262A8D4B0500F86CD1 /* Info.plist */ = {isa = PBXFileReference; lastKnownFileType = text.plist.xml; path = Info.plist; sourceTree = "<group>"; };
		786DC42C2A8D4D7400F86CD1 /* CharactersCollectionViewCell.swift */ = {isa = PBXFileReference; lastKnownFileType = sourcecode.swift; path = CharactersCollectionViewCell.swift; sourceTree = "<group>"; };
		786DC4342A8D4E5300F86CD1 /* Extensions+UiView.swift */ = {isa = PBXFileReference; lastKnownFileType = sourcecode.swift; path = "Extensions+UiView.swift"; sourceTree = "<group>"; };
		788CB2EB2A93555200FCD2AE /* DetailViewModel.swift */ = {isa = PBXFileReference; lastKnownFileType = sourcecode.swift; path = DetailViewModel.swift; sourceTree = "<group>"; };
		788CB2ED2A93556F00FCD2AE /* DetailViewController.swift */ = {isa = PBXFileReference; lastKnownFileType = sourcecode.swift; path = DetailViewController.swift; sourceTree = "<group>"; };
/* End PBXFileReference section */

/* Begin PBXFrameworksBuildPhase section */
		786DC4122A8D4B0400F86CD1 /* Frameworks */ = {
			isa = PBXFrameworksBuildPhase;
			buildActionMask = 2147483647;
			files = (
			);
			runOnlyForDeploymentPostprocessing = 0;
		};
/* End PBXFrameworksBuildPhase section */

/* Begin PBXGroup section */
		785D04D82A8E6EBA00E9AEA4 /* NetworkService */ = {
			isa = PBXGroup;
			children = (
				785D04D92A8E6ED200E9AEA4 /* NetworkService.swift */,
			);
			path = NetworkService;
			sourceTree = "<group>";
		};
		785D04DB2A8E6F0700E9AEA4 /* Constants */ = {
			isa = PBXGroup;
			children = (
				785D04DC2A8E6F1400E9AEA4 /* Constants.swift */,
			);
			path = Constants;
			sourceTree = "<group>";
		};
		785D04DE2A8E6FCC00E9AEA4 /* DTOs */ = {
			isa = PBXGroup;
			children = (
				785D04DF2A8E6FF200E9AEA4 /* Characters.swift */,
			);
			path = DTOs;
			sourceTree = "<group>";
		};
		785D04E32A8E718D00E9AEA4 /* Helpers */ = {
			isa = PBXGroup;
			children = (
				785D04E42A8E719900E9AEA4 /* Helpers.swift */,
			);
			path = Helpers;
			sourceTree = "<group>";
		};
		786DC40C2A8D4B0400F86CD1 = {
			isa = PBXGroup;
			children = (
				786DC4172A8D4B0400F86CD1 /* intern-2 */,
				786DC4162A8D4B0400F86CD1 /* Products */,
			);
			sourceTree = "<group>";
		};
		786DC4162A8D4B0400F86CD1 /* Products */ = {
			isa = PBXGroup;
			children = (
				786DC4152A8D4B0400F86CD1 /* intern-2.app */,
			);
			name = Products;
			sourceTree = "<group>";
		};
		786DC4172A8D4B0400F86CD1 /* intern-2 */ = {
			isa = PBXGroup;
			children = (
				786DC42E2A8D4DAE00F86CD1 /* App */,
				786DC42F2A8D4DB400F86CD1 /* Model */,
				786DC4312A8D4DC300F86CD1 /* WorkFlow */,
				786DC4302A8D4DBB00F86CD1 /* Resources */,
			);
			path = "intern-2";
			sourceTree = "<group>";
		};
		786DC42E2A8D4DAE00F86CD1 /* App */ = {
			isa = PBXGroup;
			children = (
				786DC4182A8D4B0400F86CD1 /* AppDelegate.swift */,
				786DC41A2A8D4B0400F86CD1 /* SceneDelegate.swift */,
			);
			path = App;
			sourceTree = "<group>";
		};
		786DC42F2A8D4DB400F86CD1 /* Model */ = {
			isa = PBXGroup;
			children = (
				785D04E32A8E718D00E9AEA4 /* Helpers */,
				785D04DE2A8E6FCC00E9AEA4 /* DTOs */,
				785D04DB2A8E6F0700E9AEA4 /* Constants */,
				785D04D82A8E6EBA00E9AEA4 /* NetworkService */,
				786DC4332A8D4E3100F86CD1 /* Extensions */,
			);
			path = Model;
			sourceTree = "<group>";
		};
		786DC4302A8D4DBB00F86CD1 /* Resources */ = {
			isa = PBXGroup;
			children = (
				786DC41E2A8D4B0400F86CD1 /* Main.storyboard */,
				786DC4212A8D4B0500F86CD1 /* Assets.xcassets */,
				786DC4232A8D4B0500F86CD1 /* LaunchScreen.storyboard */,
				786DC4262A8D4B0500F86CD1 /* Info.plist */,
			);
			path = Resources;
			sourceTree = "<group>";
		};
		786DC4312A8D4DC300F86CD1 /* WorkFlow */ = {
			isa = PBXGroup;
			children = (
				788CB2E82A93551600FCD2AE /* Main */,
				788CB2E92A93552800FCD2AE /* Detail */,
			);
			path = WorkFlow;
			sourceTree = "<group>";
		};
		786DC4322A8D4DFA00F86CD1 /* Components */ = {
			isa = PBXGroup;
			children = (
				786DC42C2A8D4D7400F86CD1 /* CharactersCollectionViewCell.swift */,
			);
			path = Components;
			sourceTree = "<group>";
		};
		786DC4332A8D4E3100F86CD1 /* Extensions */ = {
			isa = PBXGroup;
			children = (
				786DC4342A8D4E5300F86CD1 /* Extensions+UiView.swift */,
			);
			path = Extensions;
			sourceTree = "<group>";
		};
		788CB2E82A93551600FCD2AE /* Main */ = {
			isa = PBXGroup;
			children = (
				786DC41C2A8D4B0400F86CD1 /* ViewController.swift */,
				785D04E12A8E708A00E9AEA4 /* ViewModel.swift */,
				786DC4322A8D4DFA00F86CD1 /* Components */,
			);
			path = Main;
			sourceTree = "<group>";
		};
		788CB2E92A93552800FCD2AE /* Detail */ = {
			isa = PBXGroup;
			children = (
				788CB2ED2A93556F00FCD2AE /* DetailViewController.swift */,
				788CB2EB2A93555200FCD2AE /* DetailViewModel.swift */,
				788CB2EA2A93553300FCD2AE /* Components */,
			);
			path = Detail;
			sourceTree = "<group>";
		};
		788CB2EA2A93553300FCD2AE /* Components */ = {
			isa = PBXGroup;
			children = (
			);
			path = Components;
			sourceTree = "<group>";
		};
/* End PBXGroup section */

/* Begin PBXNativeTarget section */
		786DC4142A8D4B0400F86CD1 /* intern-2 */ = {
			isa = PBXNativeTarget;
			buildConfigurationList = 786DC4292A8D4B0500F86CD1 /* Build configuration list for PBXNativeTarget "intern-2" */;
			buildPhases = (
				786DC4112A8D4B0400F86CD1 /* Sources */,
				786DC4122A8D4B0400F86CD1 /* Frameworks */,
				786DC4132A8D4B0400F86CD1 /* Resources */,
			);
			buildRules = (
			);
			dependencies = (
			);
			name = "intern-2";
			productName = "intern-2";
			productReference = 786DC4152A8D4B0400F86CD1 /* intern-2.app */;
			productType = "com.apple.product-type.application";
		};
/* End PBXNativeTarget section */

/* Begin PBXProject section */
		786DC40D2A8D4B0400F86CD1 /* Project object */ = {
			isa = PBXProject;
			attributes = {
				BuildIndependentTargetsInParallel = 1;
				LastSwiftUpdateCheck = 1430;
				LastUpgradeCheck = 1430;
				TargetAttributes = {
					786DC4142A8D4B0400F86CD1 = {
						CreatedOnToolsVersion = 14.3.1;
					};
				};
			};
			buildConfigurationList = 786DC4102A8D4B0400F86CD1 /* Build configuration list for PBXProject "intern-2" */;
			compatibilityVersion = "Xcode 14.0";
			developmentRegion = en;
			hasScannedForEncodings = 0;
			knownRegions = (
				en,
				Base,
			);
			mainGroup = 786DC40C2A8D4B0400F86CD1;
			productRefGroup = 786DC4162A8D4B0400F86CD1 /* Products */;
			projectDirPath = "";
			projectRoot = "";
			targets = (
				786DC4142A8D4B0400F86CD1 /* intern-2 */,
			);
		};
/* End PBXProject section */

/* Begin PBXResourcesBuildPhase section */
		786DC4132A8D4B0400F86CD1 /* Resources */ = {
			isa = PBXResourcesBuildPhase;
			buildActionMask = 2147483647;
			files = (
				786DC4252A8D4B0500F86CD1 /* LaunchScreen.storyboard in Resources */,
				786DC4222A8D4B0500F86CD1 /* Assets.xcassets in Resources */,
				786DC4202A8D4B0400F86CD1 /* Main.storyboard in Resources */,
			);
			runOnlyForDeploymentPostprocessing = 0;
		};
/* End PBXResourcesBuildPhase section */

/* Begin PBXSourcesBuildPhase section */
		786DC4112A8D4B0400F86CD1 /* Sources */ = {
			isa = PBXSourcesBuildPhase;
			buildActionMask = 2147483647;
			files = (
				786DC4352A8D4E5300F86CD1 /* Extensions+UiView.swift in Sources */,
				785D04E22A8E708A00E9AEA4 /* ViewModel.swift in Sources */,
				786DC42D2A8D4D7400F86CD1 /* CharactersCollectionViewCell.swift in Sources */,
				788CB2EE2A93556F00FCD2AE /* DetailViewController.swift in Sources */,
				785D04E52A8E719900E9AEA4 /* Helpers.swift in Sources */,
				786DC41D2A8D4B0400F86CD1 /* ViewController.swift in Sources */,
				785D04E02A8E6FF200E9AEA4 /* Characters.swift in Sources */,
				786DC4192A8D4B0400F86CD1 /* AppDelegate.swift in Sources */,
				785D04DD2A8E6F1400E9AEA4 /* Constants.swift in Sources */,
				785D04DA2A8E6ED200E9AEA4 /* NetworkService.swift in Sources */,
				788CB2EC2A93555200FCD2AE /* DetailViewModel.swift in Sources */,
				786DC41B2A8D4B0400F86CD1 /* SceneDelegate.swift in Sources */,
			);
			runOnlyForDeploymentPostprocessing = 0;
		};
/* End PBXSourcesBuildPhase section */

/* Begin PBXVariantGroup section */
		786DC41E2A8D4B0400F86CD1 /* Main.storyboard */ = {
			isa = PBXVariantGroup;
			children = (
				786DC41F2A8D4B0400F86CD1 /* Base */,
			);
			name = Main.storyboard;
			sourceTree = "<group>";
		};
		786DC4232A8D4B0500F86CD1 /* LaunchScreen.storyboard */ = {
			isa = PBXVariantGroup;
			children = (
				786DC4242A8D4B0500F86CD1 /* Base */,
			);
			name = LaunchScreen.storyboard;
			sourceTree = "<group>";
		};
/* End PBXVariantGroup section */

/* Begin XCBuildConfiguration section */
		786DC4272A8D4B0500F86CD1 /* Debug */ = {
			isa = XCBuildConfiguration;
			buildSettings = {
				ALWAYS_SEARCH_USER_PATHS = NO;
				CLANG_ANALYZER_NONNULL = YES;
				CLANG_ANALYZER_NUMBER_OBJECT_CONVERSION = YES_AGGRESSIVE;
				CLANG_CXX_LANGUAGE_STANDARD = "gnu++20";
				CLANG_ENABLE_MODULES = YES;
				CLANG_ENABLE_OBJC_ARC = YES;
				CLANG_ENABLE_OBJC_WEAK = YES;
				CLANG_WARN_BLOCK_CAPTURE_AUTORELEASING = YES;
				CLANG_WARN_BOOL_CONVERSION = YES;
				CLANG_WARN_COMMA = YES;
				CLANG_WARN_CONSTANT_CONVERSION = YES;
				CLANG_WARN_DEPRECATED_OBJC_IMPLEMENTATIONS = YES;
				CLANG_WARN_DIRECT_OBJC_ISA_USAGE = YES_ERROR;
				CLANG_WARN_DOCUMENTATION_COMMENTS = YES;
				CLANG_WARN_EMPTY_BODY = YES;
				CLANG_WARN_ENUM_CONVERSION = YES;
				CLANG_WARN_INFINITE_RECURSION = YES;
				CLANG_WARN_INT_CONVERSION = YES;
				CLANG_WARN_NON_LITERAL_NULL_CONVERSION = YES;
				CLANG_WARN_OBJC_IMPLICIT_RETAIN_SELF = YES;
				CLANG_WARN_OBJC_LITERAL_CONVERSION = YES;
				CLANG_WARN_OBJC_ROOT_CLASS = YES_ERROR;
				CLANG_WARN_QUOTED_INCLUDE_IN_FRAMEWORK_HEADER = YES;
				CLANG_WARN_RANGE_LOOP_ANALYSIS = YES;
				CLANG_WARN_STRICT_PROTOTYPES = YES;
				CLANG_WARN_SUSPICIOUS_MOVE = YES;
				CLANG_WARN_UNGUARDED_AVAILABILITY = YES_AGGRESSIVE;
				CLANG_WARN_UNREACHABLE_CODE = YES;
				CLANG_WARN__DUPLICATE_METHOD_MATCH = YES;
				COPY_PHASE_STRIP = NO;
				DEBUG_INFORMATION_FORMAT = dwarf;
				ENABLE_STRICT_OBJC_MSGSEND = YES;
				ENABLE_TESTABILITY = YES;
				GCC_C_LANGUAGE_STANDARD = gnu11;
				GCC_DYNAMIC_NO_PIC = NO;
				GCC_NO_COMMON_BLOCKS = YES;
				GCC_OPTIMIZATION_LEVEL = 0;
				GCC_PREPROCESSOR_DEFINITIONS = (
					"DEBUG=1",
					"$(inherited)",
				);
				GCC_WARN_64_TO_32_BIT_CONVERSION = YES;
				GCC_WARN_ABOUT_RETURN_TYPE = YES_ERROR;
				GCC_WARN_UNDECLARED_SELECTOR = YES;
				GCC_WARN_UNINITIALIZED_AUTOS = YES_AGGRESSIVE;
				GCC_WARN_UNUSED_FUNCTION = YES;
				GCC_WARN_UNUSED_VARIABLE = YES;
				IPHONEOS_DEPLOYMENT_TARGET = 16.4;
				MTL_ENABLE_DEBUG_INFO = INCLUDE_SOURCE;
				MTL_FAST_MATH = YES;
				ONLY_ACTIVE_ARCH = YES;
				SDKROOT = iphoneos;
				SWIFT_ACTIVE_COMPILATION_CONDITIONS = DEBUG;
				SWIFT_OPTIMIZATION_LEVEL = "-Onone";
			};
			name = Debug;
		};
		786DC4282A8D4B0500F86CD1 /* Release */ = {
			isa = XCBuildConfiguration;
			buildSettings = {
				ALWAYS_SEARCH_USER_PATHS = NO;
				CLANG_ANALYZER_NONNULL = YES;
				CLANG_ANALYZER_NUMBER_OBJECT_CONVERSION = YES_AGGRESSIVE;
				CLANG_CXX_LANGUAGE_STANDARD = "gnu++20";
				CLANG_ENABLE_MODULES = YES;
				CLANG_ENABLE_OBJC_ARC = YES;
				CLANG_ENABLE_OBJC_WEAK = YES;
				CLANG_WARN_BLOCK_CAPTURE_AUTORELEASING = YES;
				CLANG_WARN_BOOL_CONVERSION = YES;
				CLANG_WARN_COMMA = YES;
				CLANG_WARN_CONSTANT_CONVERSION = YES;
				CLANG_WARN_DEPRECATED_OBJC_IMPLEMENTATIONS = YES;
				CLANG_WARN_DIRECT_OBJC_ISA_USAGE = YES_ERROR;
				CLANG_WARN_DOCUMENTATION_COMMENTS = YES;
				CLANG_WARN_EMPTY_BODY = YES;
				CLANG_WARN_ENUM_CONVERSION = YES;
				CLANG_WARN_INFINITE_RECURSION = YES;
				CLANG_WARN_INT_CONVERSION = YES;
				CLANG_WARN_NON_LITERAL_NULL_CONVERSION = YES;
				CLANG_WARN_OBJC_IMPLICIT_RETAIN_SELF = YES;
				CLANG_WARN_OBJC_LITERAL_CONVERSION = YES;
				CLANG_WARN_OBJC_ROOT_CLASS = YES_ERROR;
				CLANG_WARN_QUOTED_INCLUDE_IN_FRAMEWORK_HEADER = YES;
				CLANG_WARN_RANGE_LOOP_ANALYSIS = YES;
				CLANG_WARN_STRICT_PROTOTYPES = YES;
				CLANG_WARN_SUSPICIOUS_MOVE = YES;
				CLANG_WARN_UNGUARDED_AVAILABILITY = YES_AGGRESSIVE;
				CLANG_WARN_UNREACHABLE_CODE = YES;
				CLANG_WARN__DUPLICATE_METHOD_MATCH = YES;
				COPY_PHASE_STRIP = NO;
				DEBUG_INFORMATION_FORMAT = "dwarf-with-dsym";
				ENABLE_NS_ASSERTIONS = NO;
				ENABLE_STRICT_OBJC_MSGSEND = YES;
				GCC_C_LANGUAGE_STANDARD = gnu11;
				GCC_NO_COMMON_BLOCKS = YES;
				GCC_WARN_64_TO_32_BIT_CONVERSION = YES;
				GCC_WARN_ABOUT_RETURN_TYPE = YES_ERROR;
				GCC_WARN_UNDECLARED_SELECTOR = YES;
				GCC_WARN_UNINITIALIZED_AUTOS = YES_AGGRESSIVE;
				GCC_WARN_UNUSED_FUNCTION = YES;
				GCC_WARN_UNUSED_VARIABLE = YES;
				IPHONEOS_DEPLOYMENT_TARGET = 16.4;
				MTL_ENABLE_DEBUG_INFO = NO;
				MTL_FAST_MATH = YES;
				SDKROOT = iphoneos;
				SWIFT_COMPILATION_MODE = wholemodule;
				SWIFT_OPTIMIZATION_LEVEL = "-O";
				VALIDATE_PRODUCT = YES;
			};
			name = Release;
		};
		786DC42A2A8D4B0500F86CD1 /* Debug */ = {
			isa = XCBuildConfiguration;
			buildSettings = {
				ASSETCATALOG_COMPILER_APPICON_NAME = AppIcon;
				ASSETCATALOG_COMPILER_GLOBAL_ACCENT_COLOR_NAME = AccentColor;
				CODE_SIGN_STYLE = Automatic;
				CURRENT_PROJECT_VERSION = 1;
				DEVELOPMENT_TEAM = 2X83VDWRY6;
				GENERATE_INFOPLIST_FILE = YES;
				INFOPLIST_FILE = "intern-2/Resources/Info.plist";
				INFOPLIST_KEY_UIApplicationSupportsIndirectInputEvents = YES;
				INFOPLIST_KEY_UILaunchStoryboardName = LaunchScreen;
				INFOPLIST_KEY_UIMainStoryboardFile = Main;
				INFOPLIST_KEY_UISupportedInterfaceOrientations_iPad = "UIInterfaceOrientationPortrait UIInterfaceOrientationPortraitUpsideDown UIInterfaceOrientationLandscapeLeft UIInterfaceOrientationLandscapeRight";
				INFOPLIST_KEY_UISupportedInterfaceOrientations_iPhone = "UIInterfaceOrientationPortrait UIInterfaceOrientationLandscapeLeft UIInterfaceOrientationLandscapeRight";
				LD_RUNPATH_SEARCH_PATHS = (
					"$(inherited)",
					"@executable_path/Frameworks",
				);
				MARKETING_VERSION = 1.0;
				PRODUCT_BUNDLE_IDENTIFIER = "com.zalkarbekarapbaev.intern-2";
				PRODUCT_NAME = "$(TARGET_NAME)";
				SWIFT_EMIT_LOC_STRINGS = YES;
				SWIFT_VERSION = 5.0;
				TARGETED_DEVICE_FAMILY = "1,2";
			};
			name = Debug;
		};
		786DC42B2A8D4B0500F86CD1 /* Release */ = {
			isa = XCBuildConfiguration;
			buildSettings = {
				ASSETCATALOG_COMPILER_APPICON_NAME = AppIcon;
				ASSETCATALOG_COMPILER_GLOBAL_ACCENT_COLOR_NAME = AccentColor;
				CODE_SIGN_STYLE = Automatic;
				CURRENT_PROJECT_VERSION = 1;
				DEVELOPMENT_TEAM = 2X83VDWRY6;
				GENERATE_INFOPLIST_FILE = YES;
				INFOPLIST_FILE = "intern-2/Resources/Info.plist";
				INFOPLIST_KEY_UIApplicationSupportsIndirectInputEvents = YES;
				INFOPLIST_KEY_UILaunchStoryboardName = LaunchScreen;
				INFOPLIST_KEY_UIMainStoryboardFile = Main;
				INFOPLIST_KEY_UISupportedInterfaceOrientations_iPad = "UIInterfaceOrientationPortrait UIInterfaceOrientationPortraitUpsideDown UIInterfaceOrientationLandscapeLeft UIInterfaceOrientationLandscapeRight";
				INFOPLIST_KEY_UISupportedInterfaceOrientations_iPhone = "UIInterfaceOrientationPortrait UIInterfaceOrientationLandscapeLeft UIInterfaceOrientationLandscapeRight";
				LD_RUNPATH_SEARCH_PATHS = (
					"$(inherited)",
					"@executable_path/Frameworks",
				);
				MARKETING_VERSION = 1.0;
				PRODUCT_BUNDLE_IDENTIFIER = "com.zalkarbekarapbaev.intern-2";
				PRODUCT_NAME = "$(TARGET_NAME)";
				SWIFT_EMIT_LOC_STRINGS = YES;
				SWIFT_VERSION = 5.0;
				TARGETED_DEVICE_FAMILY = "1,2";
			};
			name = Release;
		};
/* End XCBuildConfiguration section */

/* Begin XCConfigurationList section */
		786DC4102A8D4B0400F86CD1 /* Build configuration list for PBXProject "intern-2" */ = {
			isa = XCConfigurationList;
			buildConfigurations = (
				786DC4272A8D4B0500F86CD1 /* Debug */,
				786DC4282A8D4B0500F86CD1 /* Release */,
			);
			defaultConfigurationIsVisible = 0;
			defaultConfigurationName = Release;
		};
		786DC4292A8D4B0500F86CD1 /* Build configuration list for PBXNativeTarget "intern-2" */ = {
			isa = XCConfigurationList;
			buildConfigurations = (
				786DC42A2A8D4B0500F86CD1 /* Debug */,
				786DC42B2A8D4B0500F86CD1 /* Release */,
			);
			defaultConfigurationIsVisible = 0;
			defaultConfigurationName = Release;
		};
/* End XCConfigurationList section */
	};
	rootObject = 786DC40D2A8D4B0400F86CD1 /* Project object */;
}
